
Microsoft Visual Studio Solution File, Format Version 12.00
# Visual Studio Version 17
VisualStudioVersion = 17.10.34707.107
MinimumVisualStudioVersion = 10.0.40219.1
Project("{9A19103F-16F7-4668-BE54-9A1E7A4F7556}") = "TestFormsApp-Planning", "TestFormsApp-Planning\TestFormsApp-Planning.csproj", "{A484333F-E032-416D-8EB4-D3AD6789D5F6}"
EndProject
Project("{FAE04EC0-301F-11D3-BF4B-00C04F79EFBC}") = "Entities", "Entities\Entities.csproj", "{983C463F-DEC3-4CED-ACE3-BFAA96B9BA8D}"
EndProject
Global
	GlobalSection(SolutionConfigurationPlatforms) = preSolution
		Debug|Any CPU = Debug|Any CPU
		Release|Any CPU = Release|Any CPU
	EndGlobalSection
	GlobalSection(ProjectConfigurationPlatforms) = postSolution
		{A484333F-E032-416D-8EB4-D3AD6789D5F6}.Debug|Any CPU.ActiveCfg = Debug|Any CPU
		{A484333F-E032-416D-8EB4-D3AD6789D5F6}.Debug|Any CPU.Build.0 = Debug|Any CPU
		{A484333F-E032-416D-8EB4-D3AD6789D5F6}.Release|Any CPU.ActiveCfg = Release|Any CPU
		{A484333F-E032-416D-8EB4-D3AD6789D5F6}.Release|Any CPU.Build.0 = Release|Any CPU
		{983C463F-DEC3-4CED-ACE3-BFAA96B9BA8D}.Debug|Any CPU.ActiveCfg = Debug|Any CPU
		{983C463F-DEC3-4CED-ACE3-BFAA96B9BA8D}.Debug|Any CPU.Build.0 = Debug|Any CPU
		{983C463F-DEC3-4CED-ACE3-BFAA96B9BA8D}.Release|Any CPU.ActiveCfg = Release|Any CPU
		{983C463F-DEC3-4CED-ACE3-BFAA96B9BA8D}.Release|Any CPU.Build.0 = Release|Any CPU
	EndGlobalSection
	GlobalSection(SolutionProperties) = preSolution
		HideSolutionNode = FALSE
	EndGlobalSection
	GlobalSection(ExtensibilityGlobals) = postSolution
		SolutionGuid = {D766753A-113E-4B42-86AC-601D356F836C}
	EndGlobalSection
EndGlobal
